
Microsoft Visual Studio Solution File, Format Version 12.00
# Visual Studio Version 17
VisualStudioVersion = 17.1.32228.430
MinimumVisualStudioVersion = 10.0.40219.1
Project("{FAE04EC0-301F-11D3-BF4B-00C04F79EFBC}") = "Assignment5", "Assignment5\Assignment5.csproj", "{E2F19640-2F2B-4AC8-84E2-929B67015E67}"
EndProject
Global
	GlobalSection(SolutionConfigurationPlatforms) = preSolution
		Debug|Any CPU = Debug|Any CPU
		Release|Any CPU = Release|Any CPU
	EndGlobalSection
	GlobalSection(ProjectConfigurationPlatforms) = postSolution
		{E2F19640-2F2B-4AC8-84E2-929B67015E67}.Debug|Any CPU.ActiveCfg = Debug|Any CPU
		{E2F19640-2F2B-4AC8-84E2-929B67015E67}.Debug|Any CPU.Build.0 = Debug|Any CPU
		{E2F19640-2F2B-4AC8-84E2-929B67015E67}.Release|Any CPU.ActiveCfg = Release|Any CPU
		{E2F19640-2F2B-4AC8-84E2-929B67015E67}.Release|Any CPU.Build.0 = Release|Any CPU
	EndGlobalSection
	GlobalSection(SolutionProperties) = preSolution
		HideSolutionNode = FALSE
	EndGlobalSection
	GlobalSection(ExtensibilityGlobals) = postSolution
		SolutionGuid = {0A79ED22-56B3-4D5F-BD97-C3A276F31A90}
	EndGlobalSection
EndGlobal
